
Microsoft Visual Studio Solution File, Format Version 12.00
# Visual Studio Version 17
VisualStudioVersion = 17.0.31903.59
MinimumVisualStudioVersion = 10.0.40219.1
Project("{FAE04EC0-301F-11D3-BF4B-00C04F79EFBC}") = "A2AStudio", "A2AStudio\A2AStudio.csproj", "{C105D045-3D6F-4559-A5B8-BE2A15317697}"
EndProject
Project("{FAE04EC0-301F-11D3-BF4B-00C04F79EFBC}") = "EchoAgent", "Samples\EchoAgent\EchoAgent.csproj", "{B675F941-E984-4F26-81F7-2101DF25E8DE}"
EndProject
Project("{2150E333-8FDC-42A3-9474-1A3956D46DE8}") = "Samples", "Samples", "{0462FC92-E968-4C3C-BB41-BA452DEB03D9}"
EndProject
Project("{FAE04EC0-301F-11D3-BF4B-00C04F79EFBC}") = "WeatherAgent", "WeatherAgent\WeatherAgent.csproj", "{AFD3800D-8937-4749-AB16-CD46FEAA32E9}"
EndProject
Global
	GlobalSection(SolutionConfigurationPlatforms) = preSolution
		Debug|Any CPU = Debug|Any CPU
		Debug|x64 = Debug|x64
		Debug|x86 = Debug|x86
		Release|Any CPU = Release|Any CPU
		Release|x64 = Release|x64
		Release|x86 = Release|x86
	EndGlobalSection
	GlobalSection(ProjectConfigurationPlatforms) = postSolution
		{C105D045-3D6F-4559-A5B8-BE2A15317697}.Debug|Any CPU.ActiveCfg = Debug|Any CPU
		{C105D045-3D6F-4559-A5B8-BE2A15317697}.Debug|Any CPU.Build.0 = Debug|Any CPU
		{C105D045-3D6F-4559-A5B8-BE2A15317697}.Debug|x64.ActiveCfg = Debug|Any CPU
		{C105D045-3D6F-4559-A5B8-BE2A15317697}.Debug|x64.Build.0 = Debug|Any CPU
		{C105D045-3D6F-4559-A5B8-BE2A15317697}.Debug|x86.ActiveCfg = Debug|Any CPU
		{C105D045-3D6F-4559-A5B8-BE2A15317697}.Debug|x86.Build.0 = Debug|Any CPU
		{C105D045-3D6F-4559-A5B8-BE2A15317697}.Release|Any CPU.ActiveCfg = Release|Any CPU
		{C105D045-3D6F-4559-A5B8-BE2A15317697}.Release|Any CPU.Build.0 = Release|Any CPU
		{C105D045-3D6F-4559-A5B8-BE2A15317697}.Release|x64.ActiveCfg = Release|Any CPU
		{C105D045-3D6F-4559-A5B8-BE2A15317697}.Release|x64.Build.0 = Release|Any CPU
		{C105D045-3D6F-4559-A5B8-BE2A15317697}.Release|x86.ActiveCfg = Release|Any CPU
		{C105D045-3D6F-4559-A5B8-BE2A15317697}.Release|x86.Build.0 = Release|Any CPU
		{B675F941-E984-4F26-81F7-2101DF25E8DE}.Debug|Any CPU.ActiveCfg = Debug|Any CPU
		{B675F941-E984-4F26-81F7-2101DF25E8DE}.Debug|Any CPU.Build.0 = Debug|Any CPU
		{B675F941-E984-4F26-81F7-2101DF25E8DE}.Debug|x64.ActiveCfg = Debug|Any CPU
		{B675F941-E984-4F26-81F7-2101DF25E8DE}.Debug|x64.Build.0 = Debug|Any CPU
		{B675F941-E984-4F26-81F7-2101DF25E8DE}.Debug|x86.ActiveCfg = Debug|Any CPU
		{B675F941-E984-4F26-81F7-2101DF25E8DE}.Debug|x86.Build.0 = Debug|Any CPU
		{B675F941-E984-4F26-81F7-2101DF25E8DE}.Release|Any CPU.ActiveCfg = Release|Any CPU
		{B675F941-E984-4F26-81F7-2101DF25E8DE}.Release|Any CPU.Build.0 = Release|Any CPU
		{B675F941-E984-4F26-81F7-2101DF25E8DE}.Release|x64.ActiveCfg = Release|Any CPU
		{B675F941-E984-4F26-81F7-2101DF25E8DE}.Release|x64.Build.0 = Release|Any CPU
		{B675F941-E984-4F26-81F7-2101DF25E8DE}.Release|x86.ActiveCfg = Release|Any CPU
		{B675F941-E984-4F26-81F7-2101DF25E8DE}.Release|x86.Build.0 = Release|Any CPU
		{AFD3800D-8937-4749-AB16-CD46FEAA32E9}.Debug|Any CPU.ActiveCfg = Debug|Any CPU
		{AFD3800D-8937-4749-AB16-CD46FEAA32E9}.Debug|Any CPU.Build.0 = Debug|Any CPU
		{AFD3800D-8937-4749-AB16-CD46FEAA32E9}.Debug|x64.ActiveCfg = Debug|Any CPU
		{AFD3800D-8937-4749-AB16-CD46FEAA32E9}.Debug|x64.Build.0 = Debug|Any CPU
		{AFD3800D-8937-4749-AB16-CD46FEAA32E9}.Debug|x86.ActiveCfg = Debug|Any CPU
		{AFD3800D-8937-4749-AB16-CD46FEAA32E9}.Debug|x86.Build.0 = Debug|Any CPU
		{AFD3800D-8937-4749-AB16-CD46FEAA32E9}.Release|Any CPU.ActiveCfg = Release|Any CPU
		{AFD3800D-8937-4749-AB16-CD46FEAA32E9}.Release|Any CPU.Build.0 = Release|Any CPU
		{AFD3800D-8937-4749-AB16-CD46FEAA32E9}.Release|x64.ActiveCfg = Release|Any CPU
		{AFD3800D-8937-4749-AB16-CD46FEAA32E9}.Release|x64.Build.0 = Release|Any CPU
		{AFD3800D-8937-4749-AB16-CD46FEAA32E9}.Release|x86.ActiveCfg = Release|Any CPU
		{AFD3800D-8937-4749-AB16-CD46FEAA32E9}.Release|x86.Build.0 = Release|Any CPU
	EndGlobalSection
	GlobalSection(SolutionProperties) = preSolution
		HideSolutionNode = FALSE
	EndGlobalSection
	GlobalSection(NestedProjects) = preSolution
		{B675F941-E984-4F26-81F7-2101DF25E8DE} = {0462FC92-E968-4C3C-BB41-BA452DEB03D9}
		{AFD3800D-8937-4749-AB16-CD46FEAA32E9} = {0462FC92-E968-4C3C-BB41-BA452DEB03D9}
	EndGlobalSection
EndGlobal
